# This file is automatically @generated by Cargo.
# It is not intended for manual editing.
version = 3

[[package]]
name = "eyre"
version = "0.6.12"
source = "registry+https://github.com/rust-lang/crates.io-index"
checksum = "7cd915d99f24784cdc19fd37ef22b97e3ff0ae756c7e492e9fbfe897d61e2aec"
dependencies = [
 "indenter",
 "once_cell",
]

[[package]]
name = "indenter"
version = "0.3.3"
source = "registry+https://github.com/rust-lang/crates.io-index"
checksum = "ce23b50ad8242c51a442f3ff322d56b02f08852c77e4c0b4d3fd684abc89c683"

[[package]]
name = "log"
version = "0.4.22"
source = "registry+https://github.com/rust-lang/crates.io-index"
checksum = "a7a70ba024b9dc04c27ea2f0c0548feb474ec5c54bba33a7f72f873a39d07b24"

[[package]]
name = "once_cell"
version = "1.20.2"
source = "registry+https://github.com/rust-lang/crates.io-index"
checksum = "1261fe7e33c73b354eab43b1273a57c8f967d0391e80353e51f764ac02cf6775"

[[package]]
name = "proc-macro2"
version = "1.0.89"
source = "registry+https://github.com/rust-lang/crates.io-index"
checksum = "f139b0662de085916d1fb67d2b4169d1addddda1919e696f3252b740b629986e"
dependencies = [
 "unicode-ident",
]

[[package]]
name = "quote"
version = "1.0.37"
source = "registry+https://github.com/rust-lang/crates.io-index"
checksum = "b5b9d34b8991d19d98081b46eacdd8eb58c6f2b201139f7c5f643cc155a633af"
dependencies = [
 "proc-macro2",
]

[[package]]
name = "rust_template"
version = "0.1.0"
dependencies = [
 "eyre",
 "log",
 "thiserror",
]

[[package]]
name = "syn"
version = "2.0.87"
source = "registry+https://github.com/rust-lang/crates.io-index"
checksum = "25aa4ce346d03a6dcd68dd8b4010bcb74e54e62c90c573f394c46eae99aba32d"
dependencies = [
 "proc-macro2",
 "quote",
 "unicode-ident",
]

[[package]]
name = "thiserror"
version = "2.0.3"
source = "registry+https://github.com/rust-lang/crates.io-index"
checksum = "c006c85c7651b3cf2ada4584faa36773bd07bac24acfb39f3c431b36d7e667aa"
dependencies = [
 "thiserror-impl",
]

[[package]]
name = "thiserror-impl"
version = "2.0.3"
source = "registry+https://github.com/rust-lang/crates.io-index"
checksum = "f077553d607adc1caf65430528a576c757a71ed73944b66ebb58ef2bbd243568"
dependencies = [
 "proc-macro2",
 "quote",
 "syn",
]

[[package]]
name = "unicode-ident"
version = "1.0.13"
source = "registry+https://github.com/rust-lang/crates.io-index"
checksum = "e91b56cd4cadaeb79bbf1a5645f6b4f8dc5bde8834ad5894a8db35fda9efa1fe"
